
Microsoft Visual Studio Solution File, Format Version 10.00
# Visual Studio 2008
Project("{FAE04EC0-301F-11D3-BF4B-00C04F79EFBC}") = "FirstLINQtoSQLQquery", "FirstLINQtoSQLQquery\FirstLINQtoSQLQquery.csproj", "{F20FF476-C18F-4824-B0FB-1BA847E91EC6}"
EndProject
Global
	GlobalSection(SolutionConfigurationPlatforms) = preSolution
		Debug|Any CPU = Debug|Any CPU
		Release|Any CPU = Release|Any CPU
	EndGlobalSection
	GlobalSection(ProjectConfigurationPlatforms) = postSolution
		{F20FF476-C18F-4824-B0FB-1BA847E91EC6}.Debug|Any CPU.ActiveCfg = Debug|Any CPU
		{F20FF476-C18F-4824-B0FB-1BA847E91EC6}.Debug|Any CPU.Build.0 = Debug|Any CPU
		{F20FF476-C18F-4824-B0FB-1BA847E91EC6}.Release|Any CPU.ActiveCfg = Release|Any CPU
		{F20FF476-C18F-4824-B0FB-1BA847E91EC6}.Release|Any CPU.Build.0 = Release|Any CPU
	EndGlobalSection
	GlobalSection(SolutionProperties) = preSolution
		HideSolutionNode = FALSE
	EndGlobalSection
EndGlobal
